
Microsoft Visual Studio Solution File, Format Version 12.00
# Visual Studio 15
VisualStudioVersion = 15.0.27130.2010
MinimumVisualStudioVersion = 10.0.40219.1
Project("{FAE04EC0-301F-11D3-BF4B-00C04F79EFBC}") = "TicTacToe", "TicTacToe\TicTacToe.csproj", "{1DBF0D40-1C6D-496E-A466-C586C24244EA}"
EndProject
Global
	GlobalSection(SolutionConfigurationPlatforms) = preSolution
		Debug|Any CPU = Debug|Any CPU
		Release|Any CPU = Release|Any CPU
	EndGlobalSection
	GlobalSection(ProjectConfigurationPlatforms) = postSolution
		{1DBF0D40-1C6D-496E-A466-C586C24244EA}.Debug|Any CPU.ActiveCfg = Debug|Any CPU
		{1DBF0D40-1C6D-496E-A466-C586C24244EA}.Debug|Any CPU.Build.0 = Debug|Any CPU
		{1DBF0D40-1C6D-496E-A466-C586C24244EA}.Release|Any CPU.ActiveCfg = Release|Any CPU
		{1DBF0D40-1C6D-496E-A466-C586C24244EA}.Release|Any CPU.Build.0 = Release|Any CPU
	EndGlobalSection
	GlobalSection(SolutionProperties) = preSolution
		HideSolutionNode = FALSE
	EndGlobalSection
	GlobalSection(ExtensibilityGlobals) = postSolution
		SolutionGuid = {60461178-9BD7-452C-9EF5-997BB6AF7744}
	EndGlobalSection
EndGlobal
