
Microsoft Visual Studio Solution File, Format Version 12.00
# Visual Studio 15
VisualStudioVersion = 15.0.27130.2010
MinimumVisualStudioVersion = 10.0.40219.1
Project("{FAE04EC0-301F-11D3-BF4B-00C04F79EFBC}") = "Snake", "Snake\Snake.csproj", "{FFCAD2FF-C2DF-435E-9FD3-A306DD71E5CF}"
EndProject
Global
	GlobalSection(SolutionConfigurationPlatforms) = preSolution
		Debug|Any CPU = Debug|Any CPU
		Release|Any CPU = Release|Any CPU
	EndGlobalSection
	GlobalSection(ProjectConfigurationPlatforms) = postSolution
		{FFCAD2FF-C2DF-435E-9FD3-A306DD71E5CF}.Debug|Any CPU.ActiveCfg = Debug|Any CPU
		{FFCAD2FF-C2DF-435E-9FD3-A306DD71E5CF}.Debug|Any CPU.Build.0 = Debug|Any CPU
		{FFCAD2FF-C2DF-435E-9FD3-A306DD71E5CF}.Release|Any CPU.ActiveCfg = Release|Any CPU
		{FFCAD2FF-C2DF-435E-9FD3-A306DD71E5CF}.Release|Any CPU.Build.0 = Release|Any CPU
	EndGlobalSection
	GlobalSection(SolutionProperties) = preSolution
		HideSolutionNode = FALSE
	EndGlobalSection
	GlobalSection(ExtensibilityGlobals) = postSolution
		SolutionGuid = {94E18B3E-439D-4565-B600-8493C3F2DB66}
	EndGlobalSection
EndGlobal
